
Microsoft Visual Studio Solution File, Format Version 12.00
# Visual Studio 15
Project("{FAE04EC0-301F-11D3-BF4B-00C04F79EFBC}") = "UnityEngine.UI", "UnityEngine.UI.csproj", "{33B2F34D-4428-0572-C4E9-651E7A8C80B1}"
EndProject
Project("{FAE04EC0-301F-11D3-BF4B-00C04F79EFBC}") = "Assembly-CSharp", "Assembly-CSharp.csproj", "{15EA5FF3-DD81-4FCB-68A3-4A4188B87E6C}"
EndProject
Project("{FAE04EC0-301F-11D3-BF4B-00C04F79EFBC}") = "UnityEngine.TestRunner", "UnityEngine.TestRunner.csproj", "{8536ACA8-948A-5EFB-D1BF-1C89E49F80BC}"
EndProject
Project("{FAE04EC0-301F-11D3-BF4B-00C04F79EFBC}") = "Unity.Mathematics", "Unity.Mathematics.csproj", "{A484351F-6379-BA84-D08D-A819AED3CAE4}"
EndProject
Project("{FAE04EC0-301F-11D3-BF4B-00C04F79EFBC}") = "UnityEngine.XR.LegacyInputHelpers", "UnityEngine.XR.LegacyInputHelpers.csproj", "{2534AC01-8B99-19DE-834A-152D39C3D693}"
EndProject
Project("{FAE04EC0-301F-11D3-BF4B-00C04F79EFBC}") = "Unity.Timeline", "Unity.Timeline.csproj", "{1D2B06D1-C2AE-B31F-C97F-2F5AAA45ADAC}"
EndProject
Project("{FAE04EC0-301F-11D3-BF4B-00C04F79EFBC}") = "Unity.TextMeshPro", "Unity.TextMeshPro.csproj", "{1AD859F1-A653-BBA4-DB95-1E11C608C293}"
EndProject
Project("{FAE04EC0-301F-11D3-BF4B-00C04F79EFBC}") = "Unity.2D.Animation.Runtime", "Unity.2D.Animation.Runtime.csproj", "{E934DCAE-EC37-C0A7-F8B4-1C4F8BE9177F}"
EndProject
Project("{FAE04EC0-301F-11D3-BF4B-00C04F79EFBC}") = "Unity.XR.Management", "Unity.XR.Management.csproj", "{A8D1B066-4376-E057-A086-3CE82757F449}"
EndProject
Project("{FAE04EC0-301F-11D3-BF4B-00C04F79EFBC}") = "Unity.2D.IK.Runtime", "Unity.2D.IK.Runtime.csproj", "{A737EBB5-452C-0D53-0B9C-EE70D8117E5D}"
EndProject
Project("{FAE04EC0-301F-11D3-BF4B-00C04F79EFBC}") = "Unity.2D.SpriteShape.Runtime", "Unity.2D.SpriteShape.Runtime.csproj", "{227437EA-034C-4176-5081-00ADC3E545C7}"
EndProject
Project("{FAE04EC0-301F-11D3-BF4B-00C04F79EFBC}") = "Unity.2D.PixelPerfect", "Unity.2D.PixelPerfect.csproj", "{70560127-8CBB-14BD-31B3-012314D5B179}"
EndProject
Project("{FAE04EC0-301F-11D3-BF4B-00C04F79EFBC}") = "Unity.2D.Common.Runtime", "Unity.2D.Common.Runtime.csproj", "{F82A266C-FD66-B835-1390-9A7C2EB355A0}"
EndProject
Project("{FAE04EC0-301F-11D3-BF4B-00C04F79EFBC}") = "UnityEngine.SpatialTracking", "UnityEngine.SpatialTracking.csproj", "{3A58E909-550D-7454-CF64-B89109322D82}"
EndProject
Project("{FAE04EC0-301F-11D3-BF4B-00C04F79EFBC}") = "Unity.InternalAPIEngineBridge.001", "Unity.InternalAPIEngineBridge.001.csproj", "{3C412AE0-91ED-3366-62A2-4BD01496063E}"
EndProject
Project("{FAE04EC0-301F-11D3-BF4B-00C04F79EFBC}") = "Unity.XR.Management.Editor", "Unity.XR.Management.Editor.csproj", "{725ADA39-51F0-5ADD-34C7-90949605A342}"
EndProject
Project("{FAE04EC0-301F-11D3-BF4B-00C04F79EFBC}") = "UnityEditor.TestRunner", "UnityEditor.TestRunner.csproj", "{80D7DC00-8A1A-975A-6B11-A1F4A1F041B9}"
EndProject
Project("{FAE04EC0-301F-11D3-BF4B-00C04F79EFBC}") = "Unity.PlasticSCM.Editor", "Unity.PlasticSCM.Editor.csproj", "{5BCF841F-8DD7-3DAC-24A9-00A7144484CF}"
EndProject
Project("{FAE04EC0-301F-11D3-BF4B-00C04F79EFBC}") = "Unity.2D.Animation.Triangle.Editor", "Unity.2D.Animation.Triangle.Editor.csproj", "{8B041B6C-6AFE-8DBB-FAF6-EFE9CD08F813}"
EndProject
Project("{FAE04EC0-301F-11D3-BF4B-00C04F79EFBC}") = "UnityEditor.UI", "UnityEditor.UI.csproj", "{54E1114B-EAA6-1BF1-33CB-B9D487211221}"
EndProject
Project("{FAE04EC0-301F-11D3-BF4B-00C04F79EFBC}") = "Unity.Services.Core.Editor", "Unity.Services.Core.Editor.csproj", "{7E609AB3-2B33-839A-1510-3294C341E49B}"
EndProject
Project("{FAE04EC0-301F-11D3-BF4B-00C04F79EFBC}") = "Unity.Timeline.Editor", "Unity.Timeline.Editor.csproj", "{3F97B606-1298-BE81-B724-DEB439BA6959}"
EndProject
Project("{FAE04EC0-301F-11D3-BF4B-00C04F79EFBC}") = "Unity.VisualStudio.Editor", "Unity.VisualStudio.Editor.csproj", "{17752293-0E61-D6FE-9D27-57DA79036370}"
EndProject
Project("{FAE04EC0-301F-11D3-BF4B-00C04F79EFBC}") = "Unity.2D.Psdimporter.Editor", "Unity.2D.Psdimporter.Editor.csproj", "{ED45F562-3381-9C32-07EF-BFAC26EE70A7}"
EndProject
Project("{FAE04EC0-301F-11D3-BF4B-00C04F79EFBC}") = "Unity.2D.Animation.Editor", "Unity.2D.Animation.Editor.csproj", "{10F463A5-A60E-BD4C-DF5D-F13DA0F1268F}"
EndProject
Project("{FAE04EC0-301F-11D3-BF4B-00C04F79EFBC}") = "Unity.TextMeshPro.Editor", "Unity.TextMeshPro.Editor.csproj", "{7A851744-92FE-06B4-8A59-46471E92512D}"
EndProject
Project("{FAE04EC0-301F-11D3-BF4B-00C04F79EFBC}") = "Unity.2D.SpriteShape.Editor", "Unity.2D.SpriteShape.Editor.csproj", "{125B6DF1-9A00-688A-493D-D4721A1AED45}"
EndProject
Project("{FAE04EC0-301F-11D3-BF4B-00C04F79EFBC}") = "Unity.CollabProxy.Editor", "Unity.CollabProxy.Editor.csproj", "{644E582F-A4D9-4E45-4F2A-3B936AB601C7}"
EndProject
Project("{FAE04EC0-301F-11D3-BF4B-00C04F79EFBC}") = "PsdPlugin", "PsdPlugin.csproj", "{5F5C260A-8FEE-4674-627D-EB2495FFB4FE}"
EndProject
Project("{FAE04EC0-301F-11D3-BF4B-00C04F79EFBC}") = "Unity.2D.Path.Editor", "Unity.2D.Path.Editor.csproj", "{25C34E9C-8C80-C369-D6A8-9FCDEA4B464B}"
EndProject
Project("{FAE04EC0-301F-11D3-BF4B-00C04F79EFBC}") = "Unity.Rider.Editor", "Unity.Rider.Editor.csproj", "{DE063ADC-328A-4A6E-6CDD-B224366DCE41}"
EndProject
Project("{FAE04EC0-301F-11D3-BF4B-00C04F79EFBC}") = "UnityEditor.XR.LegacyInputHelpers", "UnityEditor.XR.LegacyInputHelpers.csproj", "{E3F5AE4A-0AA2-8BCA-DCF2-E02E5CDB7722}"
EndProject
Project("{FAE04EC0-301F-11D3-BF4B-00C04F79EFBC}") = "Unity.2D.IK.Editor", "Unity.2D.IK.Editor.csproj", "{7ECB147A-93DA-208B-61D7-9A4115B400BC}"
EndProject
Project("{FAE04EC0-301F-11D3-BF4B-00C04F79EFBC}") = "Unity.2D.Sprite.Editor", "Unity.2D.Sprite.Editor.csproj", "{28B7E61B-932D-CE10-7461-3239D7D30E37}"
EndProject
Project("{FAE04EC0-301F-11D3-BF4B-00C04F79EFBC}") = "Unity.2D.Tilemap.Editor", "Unity.2D.Tilemap.Editor.csproj", "{E6C8C1D9-722B-E278-2E82-30D9353EC55A}"
EndProject
Project("{FAE04EC0-301F-11D3-BF4B-00C04F79EFBC}") = "Unity.2D.PixelPerfect.Editor", "Unity.2D.PixelPerfect.Editor.csproj", "{2B84279F-5A84-1E98-A2FB-7FAC9D2B78F5}"
EndProject
Project("{FAE04EC0-301F-11D3-BF4B-00C04F79EFBC}") = "Unity.VSCode.Editor", "Unity.VSCode.Editor.csproj", "{1AC3EAE0-ADDB-DA50-DEB3-E5C0B3B1A9AB}"
EndProject
Project("{FAE04EC0-301F-11D3-BF4B-00C04F79EFBC}") = "UnityEditor.SpatialTracking", "UnityEditor.SpatialTracking.csproj", "{FB6A8356-5224-D337-0259-DB1F052F7159}"
EndProject
Project("{FAE04EC0-301F-11D3-BF4B-00C04F79EFBC}") = "Unity.2D.Common.Editor", "Unity.2D.Common.Editor.csproj", "{A9A61134-8FCD-797B-C17E-6A1982FA8CF5}"
EndProject
Project("{FAE04EC0-301F-11D3-BF4B-00C04F79EFBC}") = "Unity.Mathematics.Editor", "Unity.Mathematics.Editor.csproj", "{C5A18F46-2C6B-76E1-C6A8-06B630D907CF}"
EndProject
Project("{FAE04EC0-301F-11D3-BF4B-00C04F79EFBC}") = "Unity.InternalAPIEditorBridge.001", "Unity.InternalAPIEditorBridge.001.csproj", "{F839AE69-BB88-222F-88BF-84C059608B4C}"
EndProject
Project("{FAE04EC0-301F-11D3-BF4B-00C04F79EFBC}") = "UnityEngine.UI", "UnityEngine.UI.Player.csproj", "{94ECD005-B2A6-F352-545E-ED57ED808E11}"
EndProject
Project("{FAE04EC0-301F-11D3-BF4B-00C04F79EFBC}") = "Assembly-CSharp", "Assembly-CSharp.Player.csproj", "{B571AFB9-1FA4-FC83-4966-923C9CB4E073}"
EndProject
Project("{FAE04EC0-301F-11D3-BF4B-00C04F79EFBC}") = "UnityEngine.TestRunner", "UnityEngine.TestRunner.Player.csproj", "{B32D52B6-9DFF-7907-DBE2-0C00ABB74551}"
EndProject
Project("{FAE04EC0-301F-11D3-BF4B-00C04F79EFBC}") = "Unity.Mathematics", "Unity.Mathematics.Player.csproj", "{82285FEF-1152-9B3F-7F34-23660CB903ED}"
EndProject
Project("{FAE04EC0-301F-11D3-BF4B-00C04F79EFBC}") = "UnityEngine.XR.LegacyInputHelpers", "UnityEngine.XR.LegacyInputHelpers.Player.csproj", "{1554AC9E-0B35-DE6E-4D32-36DCE63DE99E}"
EndProject
Project("{FAE04EC0-301F-11D3-BF4B-00C04F79EFBC}") = "Unity.Timeline", "Unity.Timeline.Player.csproj", "{77CB9C41-12DC-5A2D-8096-B3DC5702E84D}"
EndProject
Project("{FAE04EC0-301F-11D3-BF4B-00C04F79EFBC}") = "Unity.TextMeshPro", "Unity.TextMeshPro.Player.csproj", "{185AA327-B8B8-4791-4231-98317BE4EA01}"
EndProject
Project("{FAE04EC0-301F-11D3-BF4B-00C04F79EFBC}") = "Unity.2D.Animation.Runtime", "Unity.2D.Animation.Runtime.Player.csproj", "{4542BA58-CD40-EE21-52BC-986FDE618112}"
EndProject
Project("{FAE04EC0-301F-11D3-BF4B-00C04F79EFBC}") = "Unity.XR.Management", "Unity.XR.Management.Player.csproj", "{51B6A2C5-2A0E-A1CA-5E33-D5C1B2C0DB20}"
EndProject
Project("{FAE04EC0-301F-11D3-BF4B-00C04F79EFBC}") = "Unity.2D.IK.Runtime", "Unity.2D.IK.Runtime.Player.csproj", "{3991AD07-B75E-3613-079E-13A7E0C346FC}"
EndProject
Project("{FAE04EC0-301F-11D3-BF4B-00C04F79EFBC}") = "Unity.2D.SpriteShape.Runtime", "Unity.2D.SpriteShape.Runtime.Player.csproj", "{2F688527-9A8B-4695-8A99-4955DFC1D8F0}"
EndProject
Project("{FAE04EC0-301F-11D3-BF4B-00C04F79EFBC}") = "Unity.2D.PixelPerfect", "Unity.2D.PixelPerfect.Player.csproj", "{0F84B5F4-5735-F3FB-65E2-61C02E98FC92}"
EndProject
Project("{FAE04EC0-301F-11D3-BF4B-00C04F79EFBC}") = "Unity.2D.Common.Runtime", "Unity.2D.Common.Runtime.Player.csproj", "{A80536EF-32A2-66C9-4DD9-AA3C6C2BB050}"
EndProject
Project("{FAE04EC0-301F-11D3-BF4B-00C04F79EFBC}") = "UnityEngine.SpatialTracking", "UnityEngine.SpatialTracking.Player.csproj", "{9EC9626F-6376-11F0-DA27-6E6C1D492E2F}"
EndProject
Project("{FAE04EC0-301F-11D3-BF4B-00C04F79EFBC}") = "Unity.InternalAPIEngineBridge.001", "Unity.InternalAPIEngineBridge.001.Player.csproj", "{0B4B4B53-6766-89C4-B3FC-DA420378DE16}"
EndProject
Global
	GlobalSection(SolutionConfigurationPlatforms) = preSolution
		Debug|Any CPU = Debug|Any CPU
		Release|Any CPU = Release|Any CPU
	EndGlobalSection
	GlobalSection(ProjectConfigurationPlatforms) = postSolution
		{33B2F34D-4428-0572-C4E9-651E7A8C80B1}.Debug|Any CPU.ActiveCfg = Debug|Any CPU
		{33B2F34D-4428-0572-C4E9-651E7A8C80B1}.Debug|Any CPU.Build.0 = Debug|Any CPU
		{33B2F34D-4428-0572-C4E9-651E7A8C80B1}.Release|Any CPU.ActiveCfg = Release|Any CPU
		{33B2F34D-4428-0572-C4E9-651E7A8C80B1}.Release|Any CPU.Build.0 = Release|Any CPU
		{15EA5FF3-DD81-4FCB-68A3-4A4188B87E6C}.Debug|Any CPU.ActiveCfg = Debug|Any CPU
		{15EA5FF3-DD81-4FCB-68A3-4A4188B87E6C}.Debug|Any CPU.Build.0 = Debug|Any CPU
		{15EA5FF3-DD81-4FCB-68A3-4A4188B87E6C}.Release|Any CPU.ActiveCfg = Release|Any CPU
		{15EA5FF3-DD81-4FCB-68A3-4A4188B87E6C}.Release|Any CPU.Build.0 = Release|Any CPU
		{8536ACA8-948A-5EFB-D1BF-1C89E49F80BC}.Debug|Any CPU.ActiveCfg = Debug|Any CPU
		{8536ACA8-948A-5EFB-D1BF-1C89E49F80BC}.Debug|Any CPU.Build.0 = Debug|Any CPU
		{8536ACA8-948A-5EFB-D1BF-1C89E49F80BC}.Release|Any CPU.ActiveCfg = Release|Any CPU
		{8536ACA8-948A-5EFB-D1BF-1C89E49F80BC}.Release|Any CPU.Build.0 = Release|Any CPU
		{A484351F-6379-BA84-D08D-A819AED3CAE4}.Debug|Any CPU.ActiveCfg = Debug|Any CPU
		{A484351F-6379-BA84-D08D-A819AED3CAE4}.Debug|Any CPU.Build.0 = Debug|Any CPU
		{A484351F-6379-BA84-D08D-A819AED3CAE4}.Release|Any CPU.ActiveCfg = Release|Any CPU
		{A484351F-6379-BA84-D08D-A819AED3CAE4}.Release|Any CPU.Build.0 = Release|Any CPU
		{2534AC01-8B99-19DE-834A-152D39C3D693}.Debug|Any CPU.ActiveCfg = Debug|Any CPU
		{2534AC01-8B99-19DE-834A-152D39C3D693}.Debug|Any CPU.Build.0 = Debug|Any CPU
		{2534AC01-8B99-19DE-834A-152D39C3D693}.Release|Any CPU.ActiveCfg = Release|Any CPU
		{2534AC01-8B99-19DE-834A-152D39C3D693}.Release|Any CPU.Build.0 = Release|Any CPU
		{1D2B06D1-C2AE-B31F-C97F-2F5AAA45ADAC}.Debug|Any CPU.ActiveCfg = Debug|Any CPU
		{1D2B06D1-C2AE-B31F-C97F-2F5AAA45ADAC}.Debug|Any CPU.Build.0 = Debug|Any CPU
		{1D2B06D1-C2AE-B31F-C97F-2F5AAA45ADAC}.Release|Any CPU.ActiveCfg = Release|Any CPU
		{1D2B06D1-C2AE-B31F-C97F-2F5AAA45ADAC}.Release|Any CPU.Build.0 = Release|Any CPU
		{1AD859F1-A653-BBA4-DB95-1E11C608C293}.Debug|Any CPU.ActiveCfg = Debug|Any CPU
		{1AD859F1-A653-BBA4-DB95-1E11C608C293}.Debug|Any CPU.Build.0 = Debug|Any CPU
		{1AD859F1-A653-BBA4-DB95-1E11C608C293}.Release|Any CPU.ActiveCfg = Release|Any CPU
		{1AD859F1-A653-BBA4-DB95-1E11C608C293}.Release|Any CPU.Build.0 = Release|Any CPU
		{E934DCAE-EC37-C0A7-F8B4-1C4F8BE9177F}.Debug|Any CPU.ActiveCfg = Debug|Any CPU
		{E934DCAE-EC37-C0A7-F8B4-1C4F8BE9177F}.Debug|Any CPU.Build.0 = Debug|Any CPU
		{E934DCAE-EC37-C0A7-F8B4-1C4F8BE9177F}.Release|Any CPU.ActiveCfg = Release|Any CPU
		{E934DCAE-EC37-C0A7-F8B4-1C4F8BE9177F}.Release|Any CPU.Build.0 = Release|Any CPU
		{A8D1B066-4376-E057-A086-3CE82757F449}.Debug|Any CPU.ActiveCfg = Debug|Any CPU
		{A8D1B066-4376-E057-A086-3CE82757F449}.Debug|Any CPU.Build.0 = Debug|Any CPU
		{A8D1B066-4376-E057-A086-3CE82757F449}.Release|Any CPU.ActiveCfg = Release|Any CPU
		{A8D1B066-4376-E057-A086-3CE82757F449}.Release|Any CPU.Build.0 = Release|Any CPU
		{A737EBB5-452C-0D53-0B9C-EE70D8117E5D}.Debug|Any CPU.ActiveCfg = Debug|Any CPU
		{A737EBB5-452C-0D53-0B9C-EE70D8117E5D}.Debug|Any CPU.Build.0 = Debug|Any CPU
		{A737EBB5-452C-0D53-0B9C-EE70D8117E5D}.Release|Any CPU.ActiveCfg = Release|Any CPU
		{A737EBB5-452C-0D53-0B9C-EE70D8117E5D}.Release|Any CPU.Build.0 = Release|Any CPU
		{227437EA-034C-4176-5081-00ADC3E545C7}.Debug|Any CPU.ActiveCfg = Debug|Any CPU
		{227437EA-034C-4176-5081-00ADC3E545C7}.Debug|Any CPU.Build.0 = Debug|Any CPU
		{227437EA-034C-4176-5081-00ADC3E545C7}.Release|Any CPU.ActiveCfg = Release|Any CPU
		{227437EA-034C-4176-5081-00ADC3E545C7}.Release|Any CPU.Build.0 = Release|Any CPU
		{70560127-8CBB-14BD-31B3-012314D5B179}.Debug|Any CPU.ActiveCfg = Debug|Any CPU
		{70560127-8CBB-14BD-31B3-012314D5B179}.Debug|Any CPU.Build.0 = Debug|Any CPU
		{70560127-8CBB-14BD-31B3-012314D5B179}.Release|Any CPU.ActiveCfg = Release|Any CPU
		{70560127-8CBB-14BD-31B3-012314D5B179}.Release|Any CPU.Build.0 = Release|Any CPU
		{F82A266C-FD66-B835-1390-9A7C2EB355A0}.Debug|Any CPU.ActiveCfg = Debug|Any CPU
		{F82A266C-FD66-B835-1390-9A7C2EB355A0}.Debug|Any CPU.Build.0 = Debug|Any CPU
		{F82A266C-FD66-B835-1390-9A7C2EB355A0}.Release|Any CPU.ActiveCfg = Release|Any CPU
		{F82A266C-FD66-B835-1390-9A7C2EB355A0}.Release|Any CPU.Build.0 = Release|Any CPU
		{3A58E909-550D-7454-CF64-B89109322D82}.Debug|Any CPU.ActiveCfg = Debug|Any CPU
		{3A58E909-550D-7454-CF64-B89109322D82}.Debug|Any CPU.Build.0 = Debug|Any CPU
		{3A58E909-550D-7454-CF64-B89109322D82}.Release|Any CPU.ActiveCfg = Release|Any CPU
		{3A58E909-550D-7454-CF64-B89109322D82}.Release|Any CPU.Build.0 = Release|Any CPU
		{3C412AE0-91ED-3366-62A2-4BD01496063E}.Debug|Any CPU.ActiveCfg = Debug|Any CPU
		{3C412AE0-91ED-3366-62A2-4BD01496063E}.Debug|Any CPU.Build.0 = Debug|Any CPU
		{3C412AE0-91ED-3366-62A2-4BD01496063E}.Release|Any CPU.ActiveCfg = Release|Any CPU
		{3C412AE0-91ED-3366-62A2-4BD01496063E}.Release|Any CPU.Build.0 = Release|Any CPU
		{725ADA39-51F0-5ADD-34C7-90949605A342}.Debug|Any CPU.ActiveCfg = Debug|Any CPU
		{725ADA39-51F0-5ADD-34C7-90949605A342}.Debug|Any CPU.Build.0 = Debug|Any CPU
		{725ADA39-51F0-5ADD-34C7-90949605A342}.Release|Any CPU.ActiveCfg = Release|Any CPU
		{725ADA39-51F0-5ADD-34C7-90949605A342}.Release|Any CPU.Build.0 = Release|Any CPU
		{80D7DC00-8A1A-975A-6B11-A1F4A1F041B9}.Debug|Any CPU.ActiveCfg = Debug|Any CPU
		{80D7DC00-8A1A-975A-6B11-A1F4A1F041B9}.Debug|Any CPU.Build.0 = Debug|Any CPU
		{80D7DC00-8A1A-975A-6B11-A1F4A1F041B9}.Release|Any CPU.ActiveCfg = Release|Any CPU
		{80D7DC00-8A1A-975A-6B11-A1F4A1F041B9}.Release|Any CPU.Build.0 = Release|Any CPU
		{5BCF841F-8DD7-3DAC-24A9-00A7144484CF}.Debug|Any CPU.ActiveCfg = Debug|Any CPU
		{5BCF841F-8DD7-3DAC-24A9-00A7144484CF}.Debug|Any CPU.Build.0 = Debug|Any CPU
		{5BCF841F-8DD7-3DAC-24A9-00A7144484CF}.Release|Any CPU.ActiveCfg = Release|Any CPU
		{5BCF841F-8DD7-3DAC-24A9-00A7144484CF}.Release|Any CPU.Build.0 = Release|Any CPU
		{8B041B6C-6AFE-8DBB-FAF6-EFE9CD08F813}.Debug|Any CPU.ActiveCfg = Debug|Any CPU
		{8B041B6C-6AFE-8DBB-FAF6-EFE9CD08F813}.Debug|Any CPU.Build.0 = Debug|Any CPU
		{8B041B6C-6AFE-8DBB-FAF6-EFE9CD08F813}.Release|Any CPU.ActiveCfg = Release|Any CPU
		{8B041B6C-6AFE-8DBB-FAF6-EFE9CD08F813}.Release|Any CPU.Build.0 = Release|Any CPU
		{54E1114B-EAA6-1BF1-33CB-B9D487211221}.Debug|Any CPU.ActiveCfg = Debug|Any CPU
		{54E1114B-EAA6-1BF1-33CB-B9D487211221}.Debug|Any CPU.Build.0 = Debug|Any CPU
		{54E1114B-EAA6-1BF1-33CB-B9D487211221}.Release|Any CPU.ActiveCfg = Release|Any CPU
		{54E1114B-EAA6-1BF1-33CB-B9D487211221}.Release|Any CPU.Build.0 = Release|Any CPU
		{7E609AB3-2B33-839A-1510-3294C341E49B}.Debug|Any CPU.ActiveCfg = Debug|Any CPU
		{7E609AB3-2B33-839A-1510-3294C341E49B}.Debug|Any CPU.Build.0 = Debug|Any CPU
		{7E609AB3-2B33-839A-1510-3294C341E49B}.Release|Any CPU.ActiveCfg = Release|Any CPU
		{7E609AB3-2B33-839A-1510-3294C341E49B}.Release|Any CPU.Build.0 = Release|Any CPU
		{3F97B606-1298-BE81-B724-DEB439BA6959}.Debug|Any CPU.ActiveCfg = Debug|Any CPU
		{3F97B606-1298-BE81-B724-DEB439BA6959}.Debug|Any CPU.Build.0 = Debug|Any CPU
		{3F97B606-1298-BE81-B724-DEB439BA6959}.Release|Any CPU.ActiveCfg = Release|Any CPU
		{3F97B606-1298-BE81-B724-DEB439BA6959}.Release|Any CPU.Build.0 = Release|Any CPU
		{17752293-0E61-D6FE-9D27-57DA79036370}.Debug|Any CPU.ActiveCfg = Debug|Any CPU
		{17752293-0E61-D6FE-9D27-57DA79036370}.Debug|Any CPU.Build.0 = Debug|Any CPU
		{17752293-0E61-D6FE-9D27-57DA79036370}.Release|Any CPU.ActiveCfg = Release|Any CPU
		{17752293-0E61-D6FE-9D27-57DA79036370}.Release|Any CPU.Build.0 = Release|Any CPU
		{ED45F562-3381-9C32-07EF-BFAC26EE70A7}.Debug|Any CPU.ActiveCfg = Debug|Any CPU
		{ED45F562-3381-9C32-07EF-BFAC26EE70A7}.Debug|Any CPU.Build.0 = Debug|Any CPU
		{ED45F562-3381-9C32-07EF-BFAC26EE70A7}.Release|Any CPU.ActiveCfg = Release|Any CPU
		{ED45F562-3381-9C32-07EF-BFAC26EE70A7}.Release|Any CPU.Build.0 = Release|Any CPU
		{10F463A5-A60E-BD4C-DF5D-F13DA0F1268F}.Debug|Any CPU.ActiveCfg = Debug|Any CPU
		{10F463A5-A60E-BD4C-DF5D-F13DA0F1268F}.Debug|Any CPU.Build.0 = Debug|Any CPU
		{10F463A5-A60E-BD4C-DF5D-F13DA0F1268F}.Release|Any CPU.ActiveCfg = Release|Any CPU
		{10F463A5-A60E-BD4C-DF5D-F13DA0F1268F}.Release|Any CPU.Build.0 = Release|Any CPU
		{7A851744-92FE-06B4-8A59-46471E92512D}.Debug|Any CPU.ActiveCfg = Debug|Any CPU
		{7A851744-92FE-06B4-8A59-46471E92512D}.Debug|Any CPU.Build.0 = Debug|Any CPU
		{7A851744-92FE-06B4-8A59-46471E92512D}.Release|Any CPU.ActiveCfg = Release|Any CPU
		{7A851744-92FE-06B4-8A59-46471E92512D}.Release|Any CPU.Build.0 = Release|Any CPU
		{125B6DF1-9A00-688A-493D-D4721A1AED45}.Debug|Any CPU.ActiveCfg = Debug|Any CPU
		{125B6DF1-9A00-688A-493D-D4721A1AED45}.Debug|Any CPU.Build.0 = Debug|Any CPU
		{125B6DF1-9A00-688A-493D-D4721A1AED45}.Release|Any CPU.ActiveCfg = Release|Any CPU
		{125B6DF1-9A00-688A-493D-D4721A1AED45}.Release|Any CPU.Build.0 = Release|Any CPU
		{644E582F-A4D9-4E45-4F2A-3B936AB601C7}.Debug|Any CPU.ActiveCfg = Debug|Any CPU
		{644E582F-A4D9-4E45-4F2A-3B936AB601C7}.Debug|Any CPU.Build.0 = Debug|Any CPU
		{644E582F-A4D9-4E45-4F2A-3B936AB601C7}.Release|Any CPU.ActiveCfg = Release|Any CPU
		{644E582F-A4D9-4E45-4F2A-3B936AB601C7}.Release|Any CPU.Build.0 = Release|Any CPU
		{5F5C260A-8FEE-4674-627D-EB2495FFB4FE}.Debug|Any CPU.ActiveCfg = Debug|Any CPU
		{5F5C260A-8FEE-4674-627D-EB2495FFB4FE}.Debug|Any CPU.Build.0 = Debug|Any CPU
		{5F5C260A-8FEE-4674-627D-EB2495FFB4FE}.Release|Any CPU.ActiveCfg = Release|Any CPU
		{5F5C260A-8FEE-4674-627D-EB2495FFB4FE}.Release|Any CPU.Build.0 = Release|Any CPU
		{25C34E9C-8C80-C369-D6A8-9FCDEA4B464B}.Debug|Any CPU.ActiveCfg = Debug|Any CPU
		{25C34E9C-8C80-C369-D6A8-9FCDEA4B464B}.Debug|Any CPU.Build.0 = Debug|Any CPU
		{25C34E9C-8C80-C369-D6A8-9FCDEA4B464B}.Release|Any CPU.ActiveCfg = Release|Any CPU
		{25C34E9C-8C80-C369-D6A8-9FCDEA4B464B}.Release|Any CPU.Build.0 = Release|Any CPU
		{DE063ADC-328A-4A6E-6CDD-B224366DCE41}.Debug|Any CPU.ActiveCfg = Debug|Any CPU
		{DE063ADC-328A-4A6E-6CDD-B224366DCE41}.Debug|Any CPU.Build.0 = Debug|Any CPU
		{DE063ADC-328A-4A6E-6CDD-B224366DCE41}.Release|Any CPU.ActiveCfg = Release|Any CPU
		{DE063ADC-328A-4A6E-6CDD-B224366DCE41}.Release|Any CPU.Build.0 = Release|Any CPU
		{E3F5AE4A-0AA2-8BCA-DCF2-E02E5CDB7722}.Debug|Any CPU.ActiveCfg = Debug|Any CPU
		{E3F5AE4A-0AA2-8BCA-DCF2-E02E5CDB7722}.Debug|Any CPU.Build.0 = Debug|Any CPU
		{E3F5AE4A-0AA2-8BCA-DCF2-E02E5CDB7722}.Release|Any CPU.ActiveCfg = Release|Any CPU
		{E3F5AE4A-0AA2-8BCA-DCF2-E02E5CDB7722}.Release|Any CPU.Build.0 = Release|Any CPU
		{7ECB147A-93DA-208B-61D7-9A4115B400BC}.Debug|Any CPU.ActiveCfg = Debug|Any CPU
		{7ECB147A-93DA-208B-61D7-9A4115B400BC}.Debug|Any CPU.Build.0 = Debug|Any CPU
		{7ECB147A-93DA-208B-61D7-9A4115B400BC}.Release|Any CPU.ActiveCfg = Release|Any CPU
		{7ECB147A-93DA-208B-61D7-9A4115B400BC}.Release|Any CPU.Build.0 = Release|Any CPU
		{28B7E61B-932D-CE10-7461-3239D7D30E37}.Debug|Any CPU.ActiveCfg = Debug|Any CPU
		{28B7E61B-932D-CE10-7461-3239D7D30E37}.Debug|Any CPU.Build.0 = Debug|Any CPU
		{28B7E61B-932D-CE10-7461-3239D7D30E37}.Release|Any CPU.ActiveCfg = Release|Any CPU
		{28B7E61B-932D-CE10-7461-3239D7D30E37}.Release|Any CPU.Build.0 = Release|Any CPU
		{E6C8C1D9-722B-E278-2E82-30D9353EC55A}.Debug|Any CPU.ActiveCfg = Debug|Any CPU
		{E6C8C1D9-722B-E278-2E82-30D9353EC55A}.Debug|Any CPU.Build.0 = Debug|Any CPU
		{E6C8C1D9-722B-E278-2E82-30D9353EC55A}.Release|Any CPU.ActiveCfg = Release|Any CPU
		{E6C8C1D9-722B-E278-2E82-30D9353EC55A}.Release|Any CPU.Build.0 = Release|Any CPU
		{2B84279F-5A84-1E98-A2FB-7FAC9D2B78F5}.Debug|Any CPU.ActiveCfg = Debug|Any CPU
		{2B84279F-5A84-1E98-A2FB-7FAC9D2B78F5}.Debug|Any CPU.Build.0 = Debug|Any CPU
		{2B84279F-5A84-1E98-A2FB-7FAC9D2B78F5}.Release|Any CPU.ActiveCfg = Release|Any CPU
		{2B84279F-5A84-1E98-A2FB-7FAC9D2B78F5}.Release|Any CPU.Build.0 = Release|Any CPU
		{1AC3EAE0-ADDB-DA50-DEB3-E5C0B3B1A9AB}.Debug|Any CPU.ActiveCfg = Debug|Any CPU
		{1AC3EAE0-ADDB-DA50-DEB3-E5C0B3B1A9AB}.Debug|Any CPU.Build.0 = Debug|Any CPU
		{1AC3EAE0-ADDB-DA50-DEB3-E5C0B3B1A9AB}.Release|Any CPU.ActiveCfg = Release|Any CPU
		{1AC3EAE0-ADDB-DA50-DEB3-E5C0B3B1A9AB}.Release|Any CPU.Build.0 = Release|Any CPU
		{FB6A8356-5224-D337-0259-DB1F052F7159}.Debug|Any CPU.ActiveCfg = Debug|Any CPU
		{FB6A8356-5224-D337-0259-DB1F052F7159}.Debug|Any CPU.Build.0 = Debug|Any CPU
		{FB6A8356-5224-D337-0259-DB1F052F7159}.Release|Any CPU.ActiveCfg = Release|Any CPU
		{FB6A8356-5224-D337-0259-DB1F052F7159}.Release|Any CPU.Build.0 = Release|Any CPU
		{A9A61134-8FCD-797B-C17E-6A1982FA8CF5}.Debug|Any CPU.ActiveCfg = Debug|Any CPU
		{A9A61134-8FCD-797B-C17E-6A1982FA8CF5}.Debug|Any CPU.Build.0 = Debug|Any CPU
		{A9A61134-8FCD-797B-C17E-6A1982FA8CF5}.Release|Any CPU.ActiveCfg = Release|Any CPU
		{A9A61134-8FCD-797B-C17E-6A1982FA8CF5}.Release|Any CPU.Build.0 = Release|Any CPU
		{C5A18F46-2C6B-76E1-C6A8-06B630D907CF}.Debug|Any CPU.ActiveCfg = Debug|Any CPU
		{C5A18F46-2C6B-76E1-C6A8-06B630D907CF}.Debug|Any CPU.Build.0 = Debug|Any CPU
		{C5A18F46-2C6B-76E1-C6A8-06B630D907CF}.Release|Any CPU.ActiveCfg = Release|Any CPU
		{C5A18F46-2C6B-76E1-C6A8-06B630D907CF}.Release|Any CPU.Build.0 = Release|Any CPU
		{F839AE69-BB88-222F-88BF-84C059608B4C}.Debug|Any CPU.ActiveCfg = Debug|Any CPU
		{F839AE69-BB88-222F-88BF-84C059608B4C}.Debug|Any CPU.Build.0 = Debug|Any CPU
		{F839AE69-BB88-222F-88BF-84C059608B4C}.Release|Any CPU.ActiveCfg = Release|Any CPU
		{F839AE69-BB88-222F-88BF-84C059608B4C}.Release|Any CPU.Build.0 = Release|Any CPU
		{94ECD005-B2A6-F352-545E-ED57ED808E11}.Debug|Any CPU.ActiveCfg = Debug|Any CPU
		{94ECD005-B2A6-F352-545E-ED57ED808E11}.Debug|Any CPU.Build.0 = Debug|Any CPU
		{94ECD005-B2A6-F352-545E-ED57ED808E11}.Release|Any CPU.ActiveCfg = Release|Any CPU
		{94ECD005-B2A6-F352-545E-ED57ED808E11}.Release|Any CPU.Build.0 = Release|Any CPU
		{B571AFB9-1FA4-FC83-4966-923C9CB4E073}.Debug|Any CPU.ActiveCfg = Debug|Any CPU
		{B571AFB9-1FA4-FC83-4966-923C9CB4E073}.Debug|Any CPU.Build.0 = Debug|Any CPU
		{B571AFB9-1FA4-FC83-4966-923C9CB4E073}.Release|Any CPU.ActiveCfg = Release|Any CPU
		{B571AFB9-1FA4-FC83-4966-923C9CB4E073}.Release|Any CPU.Build.0 = Release|Any CPU
		{B32D52B6-9DFF-7907-DBE2-0C00ABB74551}.Debug|Any CPU.ActiveCfg = Debug|Any CPU
		{B32D52B6-9DFF-7907-DBE2-0C00ABB74551}.Debug|Any CPU.Build.0 = Debug|Any CPU
		{B32D52B6-9DFF-7907-DBE2-0C00ABB74551}.Release|Any CPU.ActiveCfg = Release|Any CPU
		{B32D52B6-9DFF-7907-DBE2-0C00ABB74551}.Release|Any CPU.Build.0 = Release|Any CPU
		{82285FEF-1152-9B3F-7F34-23660CB903ED}.Debug|Any CPU.ActiveCfg = Debug|Any CPU
		{82285FEF-1152-9B3F-7F34-23660CB903ED}.Debug|Any CPU.Build.0 = Debug|Any CPU
		{82285FEF-1152-9B3F-7F34-23660CB903ED}.Release|Any CPU.ActiveCfg = Release|Any CPU
		{82285FEF-1152-9B3F-7F34-23660CB903ED}.Release|Any CPU.Build.0 = Release|Any CPU
		{1554AC9E-0B35-DE6E-4D32-36DCE63DE99E}.Debug|Any CPU.ActiveCfg = Debug|Any CPU
		{1554AC9E-0B35-DE6E-4D32-36DCE63DE99E}.Debug|Any CPU.Build.0 = Debug|Any CPU
		{1554AC9E-0B35-DE6E-4D32-36DCE63DE99E}.Release|Any CPU.ActiveCfg = Release|Any CPU
		{1554AC9E-0B35-DE6E-4D32-36DCE63DE99E}.Release|Any CPU.Build.0 = Release|Any CPU
		{77CB9C41-12DC-5A2D-8096-B3DC5702E84D}.Debug|Any CPU.ActiveCfg = Debug|Any CPU
		{77CB9C41-12DC-5A2D-8096-B3DC5702E84D}.Debug|Any CPU.Build.0 = Debug|Any CPU
		{77CB9C41-12DC-5A2D-8096-B3DC5702E84D}.Release|Any CPU.ActiveCfg = Release|Any CPU
		{77CB9C41-12DC-5A2D-8096-B3DC5702E84D}.Release|Any CPU.Build.0 = Release|Any CPU
		{185AA327-B8B8-4791-4231-98317BE4EA01}.Debug|Any CPU.ActiveCfg = Debug|Any CPU
		{185AA327-B8B8-4791-4231-98317BE4EA01}.Debug|Any CPU.Build.0 = Debug|Any CPU
		{185AA327-B8B8-4791-4231-98317BE4EA01}.Release|Any CPU.ActiveCfg = Release|Any CPU
		{185AA327-B8B8-4791-4231-98317BE4EA01}.Release|Any CPU.Build.0 = Release|Any CPU
		{4542BA58-CD40-EE21-52BC-986FDE618112}.Debug|Any CPU.ActiveCfg = Debug|Any CPU
		{4542BA58-CD40-EE21-52BC-986FDE618112}.Debug|Any CPU.Build.0 = Debug|Any CPU
		{4542BA58-CD40-EE21-52BC-986FDE618112}.Release|Any CPU.ActiveCfg = Release|Any CPU
		{4542BA58-CD40-EE21-52BC-986FDE618112}.Release|Any CPU.Build.0 = Release|Any CPU
		{51B6A2C5-2A0E-A1CA-5E33-D5C1B2C0DB20}.Debug|Any CPU.ActiveCfg = Debug|Any CPU
		{51B6A2C5-2A0E-A1CA-5E33-D5C1B2C0DB20}.Debug|Any CPU.Build.0 = Debug|Any CPU
		{51B6A2C5-2A0E-A1CA-5E33-D5C1B2C0DB20}.Release|Any CPU.ActiveCfg = Release|Any CPU
		{51B6A2C5-2A0E-A1CA-5E33-D5C1B2C0DB20}.Release|Any CPU.Build.0 = Release|Any CPU
		{3991AD07-B75E-3613-079E-13A7E0C346FC}.Debug|Any CPU.ActiveCfg = Debug|Any CPU
		{3991AD07-B75E-3613-079E-13A7E0C346FC}.Debug|Any CPU.Build.0 = Debug|Any CPU
		{3991AD07-B75E-3613-079E-13A7E0C346FC}.Release|Any CPU.ActiveCfg = Release|Any CPU
		{3991AD07-B75E-3613-079E-13A7E0C346FC}.Release|Any CPU.Build.0 = Release|Any CPU
		{2F688527-9A8B-4695-8A99-4955DFC1D8F0}.Debug|Any CPU.ActiveCfg = Debug|Any CPU
		{2F688527-9A8B-4695-8A99-4955DFC1D8F0}.Debug|Any CPU.Build.0 = Debug|Any CPU
		{2F688527-9A8B-4695-8A99-4955DFC1D8F0}.Release|Any CPU.ActiveCfg = Release|Any CPU
		{2F688527-9A8B-4695-8A99-4955DFC1D8F0}.Release|Any CPU.Build.0 = Release|Any CPU
		{0F84B5F4-5735-F3FB-65E2-61C02E98FC92}.Debug|Any CPU.ActiveCfg = Debug|Any CPU
		{0F84B5F4-5735-F3FB-65E2-61C02E98FC92}.Debug|Any CPU.Build.0 = Debug|Any CPU
		{0F84B5F4-5735-F3FB-65E2-61C02E98FC92}.Release|Any CPU.ActiveCfg = Release|Any CPU
		{0F84B5F4-5735-F3FB-65E2-61C02E98FC92}.Release|Any CPU.Build.0 = Release|Any CPU
		{A80536EF-32A2-66C9-4DD9-AA3C6C2BB050}.Debug|Any CPU.ActiveCfg = Debug|Any CPU
		{A80536EF-32A2-66C9-4DD9-AA3C6C2BB050}.Debug|Any CPU.Build.0 = Debug|Any CPU
		{A80536EF-32A2-66C9-4DD9-AA3C6C2BB050}.Release|Any CPU.ActiveCfg = Release|Any CPU
		{A80536EF-32A2-66C9-4DD9-AA3C6C2BB050}.Release|Any CPU.Build.0 = Release|Any CPU
		{9EC9626F-6376-11F0-DA27-6E6C1D492E2F}.Debug|Any CPU.ActiveCfg = Debug|Any CPU
		{9EC9626F-6376-11F0-DA27-6E6C1D492E2F}.Debug|Any CPU.Build.0 = Debug|Any CPU
		{9EC9626F-6376-11F0-DA27-6E6C1D492E2F}.Release|Any CPU.ActiveCfg = Release|Any CPU
		{9EC9626F-6376-11F0-DA27-6E6C1D492E2F}.Release|Any CPU.Build.0 = Release|Any CPU
		{0B4B4B53-6766-89C4-B3FC-DA420378DE16}.Debug|Any CPU.ActiveCfg = Debug|Any CPU
		{0B4B4B53-6766-89C4-B3FC-DA420378DE16}.Debug|Any CPU.Build.0 = Debug|Any CPU
		{0B4B4B53-6766-89C4-B3FC-DA420378DE16}.Release|Any CPU.ActiveCfg = Release|Any CPU
		{0B4B4B53-6766-89C4-B3FC-DA420378DE16}.Release|Any CPU.Build.0 = Release|Any CPU
	EndGlobalSection
	GlobalSection(SolutionProperties) = preSolution
		HideSolutionNode = FALSE
	EndGlobalSection
EndGlobal
